
Microsoft Visual Studio Solution File, Format Version 12.00
# Visual Studio Version 16
VisualStudioVersion = 16.0.32510.428
MinimumVisualStudioVersion = 10.0.40219.1
Project("{FAE04EC0-301F-11D3-BF4B-00C04F79EFBC}") = "MDITextEditor", "MDITextEditor.csproj", "{F9237AA1-9588-424C-8888-DC7C29813513}"
EndProject
Global
	GlobalSection(SolutionConfigurationPlatforms) = preSolution
		Debug|Any CPU = Debug|Any CPU
		Release|Any CPU = Release|Any CPU
	EndGlobalSection
	GlobalSection(ProjectConfigurationPlatforms) = postSolution
		{F9237AA1-9588-424C-8888-DC7C29813513}.Debug|Any CPU.ActiveCfg = Debug|Any CPU
		{F9237AA1-9588-424C-8888-DC7C29813513}.Debug|Any CPU.Build.0 = Debug|Any CPU
		{F9237AA1-9588-424C-8888-DC7C29813513}.Release|Any CPU.ActiveCfg = Release|Any CPU
		{F9237AA1-9588-424C-8888-DC7C29813513}.Release|Any CPU.Build.0 = Release|Any CPU
	EndGlobalSection
	GlobalSection(SolutionProperties) = preSolution
		HideSolutionNode = FALSE
	EndGlobalSection
	GlobalSection(ExtensibilityGlobals) = postSolution
		SolutionGuid = {ED300403-391E-4378-A969-AB4DAFD6040A}
	EndGlobalSection
EndGlobal
